
Microsoft Visual Studio Solution File, Format Version 12.00
# Visual Studio Version 17
VisualStudioVersion = 17.3.32922.545
MinimumVisualStudioVersion = 10.0.40219.1
Project("{9A19103F-16F7-4668-BE54-9A1E7A4F7556}") = "BBQN.IdentityManagement.API", "BBQN.IdentityManagement.API\BBQN.IdentityManagement.API.csproj", "{691392C9-CF4B-4427-A0B4-8A172198C0F6}"
EndProject
Project("{FAE04EC0-301F-11D3-BF4B-00C04F79EFBC}") = "BBQN.IdentityManagement.API.Test", "BBQN.IdentityManagement.API.Test\BBQN.IdentityManagement.API.Test.csproj", "{591FC4CF-F3B8-4B1B-AB42-F9F0506291D3}"
EndProject
Global
	GlobalSection(SolutionConfigurationPlatforms) = preSolution
		Debug|Any CPU = Debug|Any CPU
		Release|Any CPU = Release|Any CPU
	EndGlobalSection
	GlobalSection(ProjectConfigurationPlatforms) = postSolution
		{691392C9-CF4B-4427-A0B4-8A172198C0F6}.Debug|Any CPU.ActiveCfg = Debug|Any CPU
		{691392C9-CF4B-4427-A0B4-8A172198C0F6}.Debug|Any CPU.Build.0 = Debug|Any CPU
		{691392C9-CF4B-4427-A0B4-8A172198C0F6}.Release|Any CPU.ActiveCfg = Release|Any CPU
		{691392C9-CF4B-4427-A0B4-8A172198C0F6}.Release|Any CPU.Build.0 = Release|Any CPU
		{591FC4CF-F3B8-4B1B-AB42-F9F0506291D3}.Debug|Any CPU.ActiveCfg = Debug|Any CPU
		{591FC4CF-F3B8-4B1B-AB42-F9F0506291D3}.Debug|Any CPU.Build.0 = Debug|Any CPU
		{591FC4CF-F3B8-4B1B-AB42-F9F0506291D3}.Release|Any CPU.ActiveCfg = Release|Any CPU
		{591FC4CF-F3B8-4B1B-AB42-F9F0506291D3}.Release|Any CPU.Build.0 = Release|Any CPU
	EndGlobalSection
	GlobalSection(SolutionProperties) = preSolution
		HideSolutionNode = FALSE
	EndGlobalSection
	GlobalSection(ExtensibilityGlobals) = postSolution
		SolutionGuid = {F78BA738-1A6E-4C7F-AEDE-29C67F956027}
	EndGlobalSection
EndGlobal
